
Microsoft Visual Studio Solution File, Format Version 12.00
Project("{FAE04EC0-301F-11D3-BF4B-00C04F79EFBC}") = "Engine", "Engine\Engine.csproj", "{7EB13404-7DFB-461F-927E-ECEB2450C77E}"
EndProject
Project("{FAE04EC0-301F-11D3-BF4B-00C04F79EFBC}") = "EngineSandbox", "EngineSandbox\EngineSandbox.csproj", "{CF470EF6-0BCA-454A-8DD2-04C99F7EB920}"
EndProject
Project("{FAE04EC0-301F-11D3-BF4B-00C04F79EFBC}") = "Prototype", "Prototype\Prototype.csproj", "{30BE57BA-DFAA-4607-9F31-5267AD31FC0C}"
EndProject
Project("{2150E333-8FDC-42A3-9474-1A3956D46DE8}") = "Network", "Network", "{7D071779-D443-42F8-BC3D-E6A3EF92DC4E}"
EndProject
Project("{FAE04EC0-301F-11D3-BF4B-00C04F79EFBC}") = "NetCommon", "NetCommon\NetCommon.csproj", "{48A556ED-9B52-4F78-BE07-54672ABF8793}"
EndProject
Project("{2150E333-8FDC-42A3-9474-1A3956D46DE8}") = "OpenTK", "OpenTK", "{25B3E695-016C-4CE6-B2F7-29071EDE977F}"
EndProject
Project("{FAE04EC0-301F-11D3-BF4B-00C04F79EFBC}") = "NetClient", "NetClient\NetClient.csproj", "{F18FBD47-7A90-409F-9CB4-C7F8FD3E0410}"
EndProject
Project("{FAE04EC0-301F-11D3-BF4B-00C04F79EFBC}") = "NetServer", "NetServer\NetServer.csproj", "{5FA02C19-C7EE-42D8-A7FE-2006700AD98E}"
EndProject
Project("{FAE04EC0-301F-11D3-BF4B-00C04F79EFBC}") = "NetTestCommon", "NetTestCommon\NetTestCommon.csproj", "{0EC7C704-0EBF-4782-BEF1-88ECB923A8AC}"
EndProject
Project("{2150E333-8FDC-42A3-9474-1A3956D46DE8}") = "SharpMinecraft", "SharpMinecraft", "{FC2DDA4B-B845-4127-A6F5-A13F47B4095B}"
EndProject
Project("{FAE04EC0-301F-11D3-BF4B-00C04F79EFBC}") = "SharpMinecraft", "SharpMinecraft\SharpMinecraft.csproj", "{C1316882-2D74-4934-81F5-3D2B0C96E957}"
EndProject
Project("{FAE04EC0-301F-11D3-BF4B-00C04F79EFBC}") = "EngineCore", "EngineCore\EngineCore.csproj", "{2E069743-38C4-4207-B2DB-0248273982EE}"
EndProject
Project("{FAE04EC0-301F-11D3-BF4B-00C04F79EFBC}") = "ApplicationCore", "ApplicationCore\ApplicationCore.csproj", "{1F9FBDB8-6962-4233-BE9D-5B04828DD05F}"
EndProject
Project("{FAE04EC0-301F-11D3-BF4B-00C04F79EFBC}") = "SandboxApplication", "SandboxApplication\SandboxApplication.csproj", "{D4F06652-3E72-4AA5-96F0-568A27CA4C1F}"
EndProject
Global
	GlobalSection(SolutionConfigurationPlatforms) = preSolution
		Debug|Any CPU = Debug|Any CPU
		Release|Any CPU = Release|Any CPU
	EndGlobalSection
	GlobalSection(ProjectConfigurationPlatforms) = postSolution
		{7EB13404-7DFB-461F-927E-ECEB2450C77E}.Debug|Any CPU.ActiveCfg = Debug|Any CPU
		{7EB13404-7DFB-461F-927E-ECEB2450C77E}.Debug|Any CPU.Build.0 = Debug|Any CPU
		{7EB13404-7DFB-461F-927E-ECEB2450C77E}.Release|Any CPU.ActiveCfg = Release|Any CPU
		{7EB13404-7DFB-461F-927E-ECEB2450C77E}.Release|Any CPU.Build.0 = Release|Any CPU
		{CF470EF6-0BCA-454A-8DD2-04C99F7EB920}.Debug|Any CPU.ActiveCfg = Debug|Any CPU
		{CF470EF6-0BCA-454A-8DD2-04C99F7EB920}.Debug|Any CPU.Build.0 = Debug|Any CPU
		{CF470EF6-0BCA-454A-8DD2-04C99F7EB920}.Release|Any CPU.ActiveCfg = Release|Any CPU
		{CF470EF6-0BCA-454A-8DD2-04C99F7EB920}.Release|Any CPU.Build.0 = Release|Any CPU
		{30BE57BA-DFAA-4607-9F31-5267AD31FC0C}.Debug|Any CPU.ActiveCfg = Debug|Any CPU
		{30BE57BA-DFAA-4607-9F31-5267AD31FC0C}.Debug|Any CPU.Build.0 = Debug|Any CPU
		{30BE57BA-DFAA-4607-9F31-5267AD31FC0C}.Release|Any CPU.ActiveCfg = Release|Any CPU
		{30BE57BA-DFAA-4607-9F31-5267AD31FC0C}.Release|Any CPU.Build.0 = Release|Any CPU
		{48A556ED-9B52-4F78-BE07-54672ABF8793}.Debug|Any CPU.ActiveCfg = Debug|Any CPU
		{48A556ED-9B52-4F78-BE07-54672ABF8793}.Debug|Any CPU.Build.0 = Debug|Any CPU
		{48A556ED-9B52-4F78-BE07-54672ABF8793}.Release|Any CPU.ActiveCfg = Release|Any CPU
		{48A556ED-9B52-4F78-BE07-54672ABF8793}.Release|Any CPU.Build.0 = Release|Any CPU
		{F18FBD47-7A90-409F-9CB4-C7F8FD3E0410}.Debug|Any CPU.ActiveCfg = Debug|Any CPU
		{F18FBD47-7A90-409F-9CB4-C7F8FD3E0410}.Debug|Any CPU.Build.0 = Debug|Any CPU
		{F18FBD47-7A90-409F-9CB4-C7F8FD3E0410}.Release|Any CPU.ActiveCfg = Release|Any CPU
		{F18FBD47-7A90-409F-9CB4-C7F8FD3E0410}.Release|Any CPU.Build.0 = Release|Any CPU
		{5FA02C19-C7EE-42D8-A7FE-2006700AD98E}.Debug|Any CPU.ActiveCfg = Debug|Any CPU
		{5FA02C19-C7EE-42D8-A7FE-2006700AD98E}.Debug|Any CPU.Build.0 = Debug|Any CPU
		{5FA02C19-C7EE-42D8-A7FE-2006700AD98E}.Release|Any CPU.ActiveCfg = Release|Any CPU
		{5FA02C19-C7EE-42D8-A7FE-2006700AD98E}.Release|Any CPU.Build.0 = Release|Any CPU
		{0EC7C704-0EBF-4782-BEF1-88ECB923A8AC}.Debug|Any CPU.ActiveCfg = Debug|Any CPU
		{0EC7C704-0EBF-4782-BEF1-88ECB923A8AC}.Debug|Any CPU.Build.0 = Debug|Any CPU
		{0EC7C704-0EBF-4782-BEF1-88ECB923A8AC}.Release|Any CPU.ActiveCfg = Release|Any CPU
		{0EC7C704-0EBF-4782-BEF1-88ECB923A8AC}.Release|Any CPU.Build.0 = Release|Any CPU
		{C1316882-2D74-4934-81F5-3D2B0C96E957}.Debug|Any CPU.ActiveCfg = Debug|Any CPU
		{C1316882-2D74-4934-81F5-3D2B0C96E957}.Debug|Any CPU.Build.0 = Debug|Any CPU
		{C1316882-2D74-4934-81F5-3D2B0C96E957}.Release|Any CPU.ActiveCfg = Release|Any CPU
		{C1316882-2D74-4934-81F5-3D2B0C96E957}.Release|Any CPU.Build.0 = Release|Any CPU
		{2E069743-38C4-4207-B2DB-0248273982EE}.Debug|Any CPU.ActiveCfg = Debug|Any CPU
		{2E069743-38C4-4207-B2DB-0248273982EE}.Debug|Any CPU.Build.0 = Debug|Any CPU
		{2E069743-38C4-4207-B2DB-0248273982EE}.Release|Any CPU.ActiveCfg = Release|Any CPU
		{2E069743-38C4-4207-B2DB-0248273982EE}.Release|Any CPU.Build.0 = Release|Any CPU
		{1F9FBDB8-6962-4233-BE9D-5B04828DD05F}.Debug|Any CPU.ActiveCfg = Debug|Any CPU
		{1F9FBDB8-6962-4233-BE9D-5B04828DD05F}.Debug|Any CPU.Build.0 = Debug|Any CPU
		{1F9FBDB8-6962-4233-BE9D-5B04828DD05F}.Release|Any CPU.ActiveCfg = Release|Any CPU
		{1F9FBDB8-6962-4233-BE9D-5B04828DD05F}.Release|Any CPU.Build.0 = Release|Any CPU
		{D4F06652-3E72-4AA5-96F0-568A27CA4C1F}.Debug|Any CPU.ActiveCfg = Debug|Any CPU
		{D4F06652-3E72-4AA5-96F0-568A27CA4C1F}.Debug|Any CPU.Build.0 = Debug|Any CPU
		{D4F06652-3E72-4AA5-96F0-568A27CA4C1F}.Release|Any CPU.ActiveCfg = Release|Any CPU
		{D4F06652-3E72-4AA5-96F0-568A27CA4C1F}.Release|Any CPU.Build.0 = Release|Any CPU
	EndGlobalSection
	GlobalSection(NestedProjects) = preSolution
		{48A556ED-9B52-4F78-BE07-54672ABF8793} = {7D071779-D443-42F8-BC3D-E6A3EF92DC4E}
		{7EB13404-7DFB-461F-927E-ECEB2450C77E} = {25B3E695-016C-4CE6-B2F7-29071EDE977F}
		{CF470EF6-0BCA-454A-8DD2-04C99F7EB920} = {25B3E695-016C-4CE6-B2F7-29071EDE977F}
		{30BE57BA-DFAA-4607-9F31-5267AD31FC0C} = {25B3E695-016C-4CE6-B2F7-29071EDE977F}
		{F18FBD47-7A90-409F-9CB4-C7F8FD3E0410} = {7D071779-D443-42F8-BC3D-E6A3EF92DC4E}
		{5FA02C19-C7EE-42D8-A7FE-2006700AD98E} = {7D071779-D443-42F8-BC3D-E6A3EF92DC4E}
		{0EC7C704-0EBF-4782-BEF1-88ECB923A8AC} = {7D071779-D443-42F8-BC3D-E6A3EF92DC4E}
		{C1316882-2D74-4934-81F5-3D2B0C96E957} = {FC2DDA4B-B845-4127-A6F5-A13F47B4095B}
		{2E069743-38C4-4207-B2DB-0248273982EE} = {25B3E695-016C-4CE6-B2F7-29071EDE977F}
		{1F9FBDB8-6962-4233-BE9D-5B04828DD05F} = {25B3E695-016C-4CE6-B2F7-29071EDE977F}
		{D4F06652-3E72-4AA5-96F0-568A27CA4C1F} = {25B3E695-016C-4CE6-B2F7-29071EDE977F}
	EndGlobalSection
EndGlobal
